
Microsoft Visual Studio Solution File, Format Version 12.00
# Visual Studio Version 17
VisualStudioVersion = 17.11.35208.52
MinimumVisualStudioVersion = 10.0.40219.1
Project("{FAE04EC0-301F-11D3-BF4B-00C04F79EFBC}") = "RestaurantManagerMVC", "RestaurantManagerMVC.csproj", "{44AB64A5-9DF5-48A1-A5C1-B9C56CC54C32}"
EndProject
Global
	GlobalSection(SolutionConfigurationPlatforms) = preSolution
		Debug|Any CPU = Debug|Any CPU
		Release|Any CPU = Release|Any CPU
	EndGlobalSection
	GlobalSection(ProjectConfigurationPlatforms) = postSolution
		{44AB64A5-9DF5-48A1-A5C1-B9C56CC54C32}.Debug|Any CPU.ActiveCfg = Debug|Any CPU
		{44AB64A5-9DF5-48A1-A5C1-B9C56CC54C32}.Debug|Any CPU.Build.0 = Debug|Any CPU
		{44AB64A5-9DF5-48A1-A5C1-B9C56CC54C32}.Release|Any CPU.ActiveCfg = Release|Any CPU
		{44AB64A5-9DF5-48A1-A5C1-B9C56CC54C32}.Release|Any CPU.Build.0 = Release|Any CPU
	EndGlobalSection
	GlobalSection(SolutionProperties) = preSolution
		HideSolutionNode = FALSE
	EndGlobalSection
	GlobalSection(ExtensibilityGlobals) = postSolution
		SolutionGuid = {794E2DE4-D248-4E0D-8E42-BF5FE6C89A96}
	EndGlobalSection
EndGlobal
